PODS:
  - KRActivityIndicatorView (3.0.7)
  - KRProgressHUD (3.4.7):
    - KRActivityIndicatorView (= 3.0.7)
  - Realm (4.2.0):
    - Realm/Headers (= 4.2.0)
  - Realm/Headers (4.2.0)
  - RealmSwift (4.2.0):
    - Realm (= 4.2.0)

DEPENDENCIES:
  - KRProgressHUD
  - RealmSwift (= 4.2.0)

SPEC REPOS:
  trunk:
    - KRActivityIndicatorView
    - KRProgressHUD
    - Realm
    - RealmSwift

SPEC CHECKSUMS:
  KRActivityIndicatorView: ad69e89c4ce40c986cf580595be4829dcad0e35a
  KRProgressHUD: a248f0bc6c9c2aed40a37b76e03ffecc7f85c887
  Realm: 24f62307291e35ca9ba69f4d5e7214142543b12d
  RealmSwift: eec89a12ff5ff09f365519c64591ab297acbbb40

PODFILE CHECKSUM: 092a96a1b8ec31d5b55664471f32ca73efac05ae

COCOAPODS: 1.10.1
